
Microsoft Visual Studio Solution File, Format Version 12.00
# Visual Studio 2012
Project("{FAE04EC0-301F-11D3-BF4B-00C04F79EFBC}") = "RecOutletWarehouse", "RecOutletWarehouse\RecOutletWarehouse.csproj", "{3B60DB8F-33CC-4E70-BA79-2DDF8251A22A}"
EndProject
Project("{FAE04EC0-301F-11D3-BF4B-00C04F79EFBC}") = "RecOutletWarehouse.Tests", "RecOutletWarehouse.Tests\RecOutletWarehouse.Tests.csproj", "{5DA02073-EB1D-4D78-92BD-25CAB271B695}"
EndProject
Global
	GlobalSection(SolutionConfigurationPlatforms) = preSolution
		Debug|Any CPU = Debug|Any CPU
		Release|Any CPU = Release|Any CPU
	EndGlobalSection
	GlobalSection(ProjectConfigurationPlatforms) = postSolution
		{3B60DB8F-33CC-4E70-BA79-2DDF8251A22A}.Debug|Any CPU.ActiveCfg = Debug|Any CPU
		{3B60DB8F-33CC-4E70-BA79-2DDF8251A22A}.Debug|Any CPU.Build.0 = Debug|Any CPU
		{3B60DB8F-33CC-4E70-BA79-2DDF8251A22A}.Release|Any CPU.ActiveCfg = Release|Any CPU
		{3B60DB8F-33CC-4E70-BA79-2DDF8251A22A}.Release|Any CPU.Build.0 = Release|Any CPU
		{5DA02073-EB1D-4D78-92BD-25CAB271B695}.Debug|Any CPU.ActiveCfg = Debug|Any CPU
		{5DA02073-EB1D-4D78-92BD-25CAB271B695}.Debug|Any CPU.Build.0 = Debug|Any CPU
		{5DA02073-EB1D-4D78-92BD-25CAB271B695}.Release|Any CPU.ActiveCfg = Release|Any CPU
		{5DA02073-EB1D-4D78-92BD-25CAB271B695}.Release|Any CPU.Build.0 = Release|Any CPU
	EndGlobalSection
	GlobalSection(SolutionProperties) = preSolution
		HideSolutionNode = FALSE
	EndGlobalSection
EndGlobal
